
Microsoft Visual Studio Solution File, Format Version 12.00
# Visual Studio Version 16
VisualStudioVersion = 16.0.31729.503
MinimumVisualStudioVersion = 10.0.40219.1
Project("{FAE04EC0-301F-11D3-BF4B-00C04F79EFBC}") = "JSPad", "JSPad.csproj", "{ADCF0CA9-9566-4540-B80D-CF1708EC9435}"
EndProject
Global
	GlobalSection(SolutionConfigurationPlatforms) = preSolution
		Debug|Any CPU = Debug|Any CPU
		Release|Any CPU = Release|Any CPU
	EndGlobalSection
	GlobalSection(ProjectConfigurationPlatforms) = postSolution
		{ADCF0CA9-9566-4540-B80D-CF1708EC9435}.Debug|Any CPU.ActiveCfg = Debug|Any CPU
		{ADCF0CA9-9566-4540-B80D-CF1708EC9435}.Debug|Any CPU.Build.0 = Debug|Any CPU
		{ADCF0CA9-9566-4540-B80D-CF1708EC9435}.Debug|Any CPU.Deploy.0 = Debug|Any CPU
		{ADCF0CA9-9566-4540-B80D-CF1708EC9435}.Release|Any CPU.ActiveCfg = Release|Any CPU
		{ADCF0CA9-9566-4540-B80D-CF1708EC9435}.Release|Any CPU.Build.0 = Release|Any CPU
		{ADCF0CA9-9566-4540-B80D-CF1708EC9435}.Release|Any CPU.Deploy.0 = Release|Any CPU
	EndGlobalSection
	GlobalSection(SolutionProperties) = preSolution
		HideSolutionNode = FALSE
	EndGlobalSection
	GlobalSection(ExtensibilityGlobals) = postSolution
		SolutionGuid = {E915A197-792B-45D0-8A9E-88CC0174970B}
	EndGlobalSection
EndGlobal
